
Microsoft Visual Studio Solution File, Format Version 12.00
# Visual Studio Version 17
VisualStudioVersion = 17.4.33110.190
MinimumVisualStudioVersion = 10.0.40219.1
Project("{FAE04EC0-301F-11D3-BF4B-00C04F79EFBC}") = "Ejercicio 1 moda y promedio", "Ejercicio 1 moda y promedio\Ejercicio 1 moda y promedio.csproj", "{AB28ED07-CB18-41D5-99A2-7B94F1C415F8}"
EndProject
Global
	GlobalSection(SolutionConfigurationPlatforms) = preSolution
		Debug|Any CPU = Debug|Any CPU
		Release|Any CPU = Release|Any CPU
	EndGlobalSection
	GlobalSection(ProjectConfigurationPlatforms) = postSolution
		{AB28ED07-CB18-41D5-99A2-7B94F1C415F8}.Debug|Any CPU.ActiveCfg = Debug|Any CPU
		{AB28ED07-CB18-41D5-99A2-7B94F1C415F8}.Debug|Any CPU.Build.0 = Debug|Any CPU
		{AB28ED07-CB18-41D5-99A2-7B94F1C415F8}.Release|Any CPU.ActiveCfg = Release|Any CPU
		{AB28ED07-CB18-41D5-99A2-7B94F1C415F8}.Release|Any CPU.Build.0 = Release|Any CPU
	EndGlobalSection
	GlobalSection(SolutionProperties) = preSolution
		HideSolutionNode = FALSE
	EndGlobalSection
	GlobalSection(ExtensibilityGlobals) = postSolution
		SolutionGuid = {04B75D5C-4185-45BF-91E2-A9D219B94570}
	EndGlobalSection
EndGlobal
